{
  "object": {
    "pins": [
      {
        "package": "vcomponentkit",
        "repositoryURL": "https://github.com/swift-calendar/vcomponentkit.git",
        "state": {
          "branch": null,
          "revision": "bdcf8d8f1e7c55f55a6fae1e5439a2dedcdadd04",
          "version": "1.0.4"
        }
      }
    ]
  },
  "version": 1
}
