{
  "object": {
    "pins": [
      {
        "package": "vcomponentkit",
        "repositoryURL": "https://github.com/swift-calendar/vcomponentkit.git",
        "state": {
          "branch": null,
          "revision": "418efbb66d16a28513f0e89f0a7b42bd191d3bfd",
          "version": "1.0.2"
        }
      }
    ]
  },
  "version": 1
}
